
Microsoft Visual Studio Solution File, Format Version 12.00
# Visual Studio Version 17
VisualStudioVersion = 17.0.32112.339
MinimumVisualStudioVersion = 10.0.40219.1
Project("{FAE04EC0-301F-11D3-BF4B-00C04F79EFBC}") = "LKSMart_RyvanAndreas_Kepri", "LKSMart_RyvanAndreas_Kepri\LKSMart_RyvanAndreas_Kepri.csproj", "{C4EB2237-B403-4D19-9916-556D5558786C}"
EndProject
Global
	GlobalSection(SolutionConfigurationPlatforms) = preSolution
		Debug|Any CPU = Debug|Any CPU
		Release|Any CPU = Release|Any CPU
	EndGlobalSection
	GlobalSection(ProjectConfigurationPlatforms) = postSolution
		{C4EB2237-B403-4D19-9916-556D5558786C}.Debug|Any CPU.ActiveCfg = Debug|Any CPU
		{C4EB2237-B403-4D19-9916-556D5558786C}.Debug|Any CPU.Build.0 = Debug|Any CPU
		{C4EB2237-B403-4D19-9916-556D5558786C}.Release|Any CPU.ActiveCfg = Release|Any CPU
		{C4EB2237-B403-4D19-9916-556D5558786C}.Release|Any CPU.Build.0 = Release|Any CPU
	EndGlobalSection
	GlobalSection(SolutionProperties) = preSolution
		HideSolutionNode = FALSE
	EndGlobalSection
	GlobalSection(ExtensibilityGlobals) = postSolution
		SolutionGuid = {E8DD5EE7-D814-4C57-906D-8DD18E8A0413}
	EndGlobalSection
EndGlobal
